<?xml version="1.0" encoding="utf-8"?>
<Project ToolsVersion="4.0" xmlns="http://schemas.microsoft.com/developer/msbuild/2003">
  <ItemGroup>
    <Filter Include="Figures Classes">
      <UniqueIdentifier>{4cc0cf48-df46-46a1-a59b-ffb63f7dd89f}</UniqueIdentifier>
    </Filter>
    <Filter Include="Action Classes">
      <UniqueIdentifier>{cc2f4f46-2b97-4337-b924-0771e382c57b}</UniqueIdentifier>
    </Filter>
    <Filter Include="GUI Classes">
      <UniqueIdentifier>{03fd4e0d-92e0-4271-bb9b-d6e9f21ec35f}</UniqueIdentifier>
    </Filter>
    <Filter Include="Application Manager">
      <UniqueIdentifier>{be3a4e10-d854-4bf8-9add-2f85904b4103}</UniqueIdentifier>
    </Filter>
    <Filter Include="Figures Classes\CMUgraphicsLib">
      <UniqueIdentifier>{b6ef5278-5399-4c20-8631-3a47fa20276d}</UniqueIdentifier>
    </Filter>
    <Filter Include="Figures Classes\CMUgraphicsLib\JPEG">
      <UniqueIdentifier>{74881736-22be-4b44-90b6-09a29eb1aa85}</UniqueIdentifier>
    </Filter>
  </ItemGroup>
  <ItemGroup>
    <ClCompile Include="CMUgraphicsLib\auxil.cpp">
      <Filter>Figures Classes\CMUgraphicsLib</Filter>
    </ClCompile>
    <ClCompile Include="CMUgraphicsLib\CMUgraphics.cpp">
      <Filter>Figures Classes\CMUgraphicsLib</Filter>
    </ClCompile>
    <ClCompile Include="CMUgraphicsLib\image.cpp">
      <Filter>Figures Classes\CMUgraphicsLib</Filter>
    </ClCompile>
    <ClCompile Include="CMUgraphicsLib\jpegload.c">
      <Filter>Figures Classes\CMUgraphicsLib</Filter>
    </ClCompile>
    <ClCompile Include="CMUgraphicsLib\keyqueue.cpp">
      <Filter>Figures Classes\CMUgraphicsLib</Filter>
    </ClCompile>
    <ClCompile Include="CMUgraphicsLib\mousequeue.cpp">
      <Filter>Figures Classes\CMUgraphicsLib</Filter>
    </ClCompile>
    <ClCompile Include="CMUgraphicsLib\windowinput.cpp">
      <Filter>Figures Classes\CMUgraphicsLib</Filter>
    </ClCompile>
    <ClCompile Include="CMUgraphicsLib\jpeg\jcomapi.c">
      <Filter>Figures Classes\CMUgraphicsLib\JPEG</Filter>
    </ClCompile>
    <ClCompile Include="CMUgraphicsLib\jpeg\jcparam.c">
      <Filter>Figures Classes\CMUgraphicsLib\JPEG</Filter>
    </ClCompile>
    <ClCompile Include="CMUgraphicsLib\jpeg\jdapimin.c">
      <Filter>Figures Classes\CMUgraphicsLib\JPEG</Filter>
    </ClCompile>
    <ClCompile Include="CMUgraphicsLib\jpeg\jdapistd.c">
      <Filter>Figures Classes\CMUgraphicsLib\JPEG</Filter>
    </ClCompile>
    <ClCompile Include="CMUgraphicsLib\jpeg\jdatasrc.c">
      <Filter>Figures Classes\CMUgraphicsLib\JPEG</Filter>
    </ClCompile>
    <ClCompile Include="CMUgraphicsLib\jpeg\jdcoefct.c">
      <Filter>Figures Classes\CMUgraphicsLib\JPEG</Filter>
    </ClCompile>
    <ClCompile Include="CMUgraphicsLib\jpeg\jdcolor.c">
      <Filter>Figures Classes\CMUgraphicsLib\JPEG</Filter>
    </ClCompile>
    <ClCompile Include="CMUgraphicsLib\jpeg\jddctmgr.c">
      <Filter>Figures Classes\CMUgraphicsLib\JPEG</Filter>
    </ClCompile>
    <ClCompile Include="CMUgraphicsLib\jpeg\jdhuff.c">
      <Filter>Figures Classes\CMUgraphicsLib\JPEG</Filter>
    </ClCompile>
    <ClCompile Include="CMUgraphicsLib\jpeg\jdinput.c">
      <Filter>Figures Classes\CMUgraphicsLib\JPEG</Filter>
    </ClCompile>
    <ClCompile Include="CMUgraphicsLib\jpeg\jdmainct.c">
      <Filter>Figures Classes\CMUgraphicsLib\JPEG</Filter>
    </ClCompile>
    <ClCompile Include="CMUgraphicsLib\jpeg\jdmarker.c">
      <Filter>Figures Classes\CMUgraphicsLib\JPEG</Filter>
    </ClCompile>
    <ClCompile Include="CMUgraphicsLib\jpeg\jdmaster.c">
      <Filter>Figures Classes\CMUgraphicsLib\JPEG</Filter>
    </ClCompile>
    <ClCompile Include="CMUgraphicsLib\jpeg\jdmerge.c">
      <Filter>Figures Classes\CMUgraphicsLib\JPEG</Filter>
    </ClCompile>
    <ClCompile Include="CMUgraphicsLib\jpeg\jdphuff.c">
      <Filter>Figures Classes\CMUgraphicsLib\JPEG</Filter>
    </ClCompile>
    <ClCompile Include="CMUgraphicsLib\jpeg\jdpostct.c">
      <Filter>Figures Classes\CMUgraphicsLib\JPEG</Filter>
    </ClCompile>
    <ClCompile Include="CMUgraphicsLib\jpeg\jdsample.c">
      <Filter>Figures Classes\CMUgraphicsLib\JPEG</Filter>
    </ClCompile>
    <ClCompile Include="CMUgraphicsLib\jpeg\jdtrans.c">
      <Filter>Figures Classes\CMUgraphicsLib\JPEG</Filter>
    </ClCompile>
    <ClCompile Include="CMUgraphicsLib\jpeg\jerror.c">
      <Filter>Figures Classes\CMUgraphicsLib\JPEG</Filter>
    </ClCompile>
    <ClCompile Include="CMUgraphicsLib\jpeg\jidctflt.c">
      <Filter>Figures Classes\CMUgraphicsLib\JPEG</Filter>
    </ClCompile>
    <ClCompile Include="CMUgraphicsLib\jpeg\jidctfst.c">
      <Filter>Figures Classes\CMUgraphicsLib\JPEG</Filter>
    </ClCompile>
    <ClCompile Include="CMUgraphicsLib\jpeg\jidctint.c">
      <Filter>Figures Classes\CMUgraphicsLib\JPEG</Filter>
    </ClCompile>
    <ClCompile Include="CMUgraphicsLib\jpeg\jidctred.c">
      <Filter>Figures Classes\CMUgraphicsLib\JPEG</Filter>
    </ClCompile>
    <ClCompile Include="CMUgraphicsLib\jpeg\jmemmgr.c">
      <Filter>Figures Classes\CMUgraphicsLib\JPEG</Filter>
    </ClCompile>
    <ClCompile Include="CMUgraphicsLib\jpeg\jmemnobs.c">
      <Filter>Figures Classes\CMUgraphicsLib\JPEG</Filter>
    </ClCompile>
    <ClCompile Include="CMUgraphicsLib\jpeg\jquant1.c">
      <Filter>Figures Classes\CMUgraphicsLib\JPEG</Filter>
    </ClCompile>
    <ClCompile Include="CMUgraphicsLib\jpeg\jquant2.c">
      <Filter>Figures Classes\CMUgraphicsLib\JPEG</Filter>
    </ClCompile>
    <ClCompile Include="CMUgraphicsLib\jpeg\jutils.c">
      <Filter>Figures Classes\CMUgraphicsLib\JPEG</Filter>
    </ClCompile>
    <ClCompile Include="Figures\CFigure.cpp">
      <Filter>Figures Classes</Filter>
    </ClCompile>
    <ClCompile Include="Figures\CRectangle.cpp">
      <Filter>Figures Classes</Filter>
    </ClCompile>
    <ClCompile Include="Actions\AddRectAction.cpp">
      <Filter>Action Classes</Filter>
    </ClCompile>
    <ClCompile Include="GUI\Input.cpp">
      <Filter>GUI Classes</Filter>
    </ClCompile>
    <ClCompile Include="GUI\Output.cpp">
      <Filter>GUI Classes</Filter>
    </ClCompile>
    <ClCompile Include="ApplicationManager.cpp">
      <Filter>Application Manager</Filter>
    </ClCompile>
    <ClCompile Include="main.cpp" />
    <ClCompile Include="CMUgraphicsLib\colors.cpp">
      <Filter>Figures Classes\CMUgraphicsLib</Filter>
    </ClCompile>
    <ClCompile Include="Figures\CSquare.cpp">
      <Filter>Figures Classes</Filter>
    </ClCompile>
    <ClCompile Include="Actions\AddSqrAction.cpp">
      <Filter>Action Classes</Filter>
    </ClCompile>
    <ClCompile Include="Figures\CTriangle.cpp">
      <Filter>Figures Classes</Filter>
    </ClCompile>
    <ClCompile Include="Figures\CCircle.cpp">
      <Filter>Figures Classes</Filter>
    </ClCompile>
    <ClCompile Include="Figures\CHexa.cpp">
      <Filter>Figures Classes</Filter>
    </ClCompile>
    <ClCompile Include="Actions\AddTriAction.cpp">
      <Filter>Action Classes</Filter>
    </ClCompile>
    <ClCompile Include="Actions\AddCirAction.cpp">
      <Filter>Action Classes</Filter>
    </ClCompile>
    <ClCompile Include="Actions\AddHexaAction.cpp">
      <Filter>Action Classes</Filter>
    </ClCompile>
    <ClCompile Include="Actions\ChangeDrawColAction.cpp">
      <Filter>Action Classes</Filter>
    </ClCompile>
    <ClCompile Include="Actions\ChangeFillColAction.cpp">
      <Filter>Action Classes</Filter>
    </ClCompile>
    <ClCompile Include="Actions\ClearAll.cpp">
      <Filter>Action Classes</Filter>
    </ClCompile>
    <ClCompile Include="UndoActions.cpp">
      <Filter>Application Manager</Filter>
    </ClCompile>
    <ClCompile Include="Actions\UndoAction.cpp">
      <Filter>Action Classes</Filter>
    </ClCompile>
    <ClCompile Include="Actions\RedoAction.cpp">
      <Filter>Action Classes</Filter>
    </ClCompile>
    <ClCompile Include="Actions\StartRecordingAction.cpp">
      <Filter>Action Classes</Filter>
    </ClCompile>
    <ClCompile Include="Actions\StopRecordingAction.cpp">
      <Filter>Action Classes</Filter>
    </ClCompile>
    <ClCompile Include="Actions\PlayRecordingAction.cpp">
      <Filter>Action Classes</Filter>
    </ClCompile>
    <ClCompile Include="DeleteAction.cpp">
      <Filter>Action Classes</Filter>
    </ClCompile>
    <ClCompile Include="LoadAction.cpp">
      <Filter>Action Classes</Filter>
    </ClCompile>
    <ClCompile Include="SaveAction.cpp">
      <Filter>Action Classes</Filter>
    </ClCompile>
    <ClCompile Include="SelectionAction.cpp">
      <Filter>Action Classes</Filter>
    </ClCompile>
    <ClCompile Include="VoiceAcion.cpp">
      <Filter>Action Classes</Filter>
    </ClCompile>
    <ClCompile Include="Actions\MoveAction.cpp">
      <Filter>Action Classes</Filter>
    </ClCompile>
  </ItemGroup>
  <ItemGroup>
    <ClInclude Include="CMUgraphicsLib\auxil.h">
      <Filter>Figures Classes\CMUgraphicsLib</Filter>
    </ClInclude>
    <ClInclude Include="CMUgraphicsLib\CMUgraphics.h">
      <Filter>Figures Classes\CMUgraphicsLib</Filter>
    </ClInclude>
    <ClInclude Include="CMUgraphicsLib\colors.h">
      <Filter>Figures Classes\CMUgraphicsLib</Filter>
    </ClInclude>
    <ClInclude Include="CMUgraphicsLib\error.h">
      <Filter>Figures Classes\CMUgraphicsLib</Filter>
    </ClInclude>
    <ClInclude Include="CMUgraphicsLib\image.h">
      <Filter>Figures Classes\CMUgraphicsLib</Filter>
    </ClInclude>
    <ClInclude Include="CMUgraphicsLib\jpegload.h">
      <Filter>Figures Classes\CMUgraphicsLib</Filter>
    </ClInclude>
    <ClInclude Include="CMUgraphicsLib\keyqueue.h">
      <Filter>Figures Classes\CMUgraphicsLib</Filter>
    </ClInclude>
    <ClInclude Include="CMUgraphicsLib\mousequeue.h">
      <Filter>Figures Classes\CMUgraphicsLib</Filter>
    </ClInclude>
    <ClInclude Include="CMUgraphicsLib\version.h">
      <Filter>Figures Classes\CMUgraphicsLib</Filter>
    </ClInclude>
    <ClInclude Include="CMUgraphicsLib\windowinput.h">
      <Filter>Figures Classes\CMUgraphicsLib</Filter>
    </ClInclude>
    <ClInclude Include="CMUgraphicsLib\jpeg\jconfig.h">
      <Filter>Figures Classes\CMUgraphicsLib\JPEG</Filter>
    </ClInclude>
    <ClInclude Include="CMUgraphicsLib\jpeg\jdct.h">
      <Filter>Figures Classes\CMUgraphicsLib\JPEG</Filter>
    </ClInclude>
    <ClInclude Include="CMUgraphicsLib\jpeg\jdhuff.h">
      <Filter>Figures Classes\CMUgraphicsLib\JPEG</Filter>
    </ClInclude>
    <ClInclude Include="CMUgraphicsLib\jpeg\jerror.h">
      <Filter>Figures Classes\CMUgraphicsLib\JPEG</Filter>
    </ClInclude>
    <ClInclude Include="CMUgraphicsLib\jpeg\jinclude.h">
      <Filter>Figures Classes\CMUgraphicsLib\JPEG</Filter>
    </ClInclude>
    <ClInclude Include="CMUgraphicsLib\jpeg\jmemsys.h">
      <Filter>Figures Classes\CMUgraphicsLib\JPEG</Filter>
    </ClInclude>
    <ClInclude Include="CMUgraphicsLib\jpeg\jmorecfg.h">
      <Filter>Figures Classes\CMUgraphicsLib\JPEG</Filter>
    </ClInclude>
    <ClInclude Include="CMUgraphicsLib\jpeg\jpegint.h">
      <Filter>Figures Classes\CMUgraphicsLib\JPEG</Filter>
    </ClInclude>
    <ClInclude Include="CMUgraphicsLib\jpeg\jpeglib.h">
      <Filter>Figures Classes\CMUgraphicsLib\JPEG</Filter>
    </ClInclude>
    <ClInclude Include="CMUgraphicsLib\jpeg\jversion.h">
      <Filter>Figures Classes\CMUgraphicsLib\JPEG</Filter>
    </ClInclude>
    <ClInclude Include="Figures\CFigure.h">
      <Filter>Figures Classes</Filter>
    </ClInclude>
    <ClInclude Include="Figures\CRectangle.h">
      <Filter>Figures Classes</Filter>
    </ClInclude>
    <ClInclude Include="Actions\Action.h">
      <Filter>Action Classes</Filter>
    </ClInclude>
    <ClInclude Include="Actions\AddRectAction.h">
      <Filter>Action Classes</Filter>
    </ClInclude>
    <ClInclude Include="GUI\Input.h">
      <Filter>GUI Classes</Filter>
    </ClInclude>
    <ClInclude Include="GUI\Output.h">
      <Filter>GUI Classes</Filter>
    </ClInclude>
    <ClInclude Include="GUI\UI_Info.h">
      <Filter>GUI Classes</Filter>
    </ClInclude>
    <ClInclude Include="ApplicationManager.h">
      <Filter>Application Manager</Filter>
    </ClInclude>
    <ClInclude Include="DEFS.h" />
    <ClInclude Include="Figures\CSquare.h">
      <Filter>Figures Classes</Filter>
    </ClInclude>
    <ClInclude Include="Actions\AddSqrAction.h">
      <Filter>Action Classes</Filter>
    </ClInclude>
    <ClInclude Include="Figures\CTriangle.h">
      <Filter>Figures Classes</Filter>
    </ClInclude>
    <ClInclude Include="Figures\CCircle.h">
      <Filter>Figures Classes</Filter>
    </ClInclude>
    <ClInclude Include="Figures\CHexa.h">
      <Filter>Figures Classes</Filter>
    </ClInclude>
    <ClInclude Include="Actions\AddTriAction.h">
      <Filter>Action Classes</Filter>
    </ClInclude>
    <ClInclude Include="Actions\AddCirAction.h">
      <Filter>Action Classes</Filter>
    </ClInclude>
    <ClInclude Include="Actions\AddHexaAction.h">
      <Filter>Action Classes</Filter>
    </ClInclude>
    <ClInclude Include="Actions\ChangeDrawColAction.h">
      <Filter>Action Classes</Filter>
    </ClInclude>
    <ClInclude Include="Actions\ChangeFillColAction.h">
      <Filter>Action Classes</Filter>
    </ClInclude>
    <ClInclude Include="Actions\ClearAll.h">
      <Filter>Action Classes</Filter>
    </ClInclude>
    <ClInclude Include="UndoActions.h">
      <Filter>Application Manager</Filter>
    </ClInclude>
    <ClInclude Include="Actions\UndoAction.h">
      <Filter>Action Classes</Filter>
    </ClInclude>
    <ClInclude Include="Actions\RedoAction.h">
      <Filter>Action Classes</Filter>
    </ClInclude>
    <ClInclude Include="Actions\StartRecordingAction.h">
      <Filter>Action Classes</Filter>
    </ClInclude>
    <ClInclude Include="Actions\StopRecordingAction.h">
      <Filter>Action Classes</Filter>
    </ClInclude>
    <ClInclude Include="Actions\PlayRecordingAction.h">
      <Filter>Action Classes</Filter>
    </ClInclude>
    <ClInclude Include="DeleteAction.h">
      <Filter>Action Classes</Filter>
    </ClInclude>
    <ClInclude Include="LoadAction.h">
      <Filter>Action Classes</Filter>
    </ClInclude>
    <ClInclude Include="SaveAction.h">
      <Filter>Action Classes</Filter>
    </ClInclude>
    <ClInclude Include="SelectionAction.h">
      <Filter>Action Classes</Filter>
    </ClInclude>
    <ClInclude Include="VoiceAcion.h">
      <Filter>Action Classes</Filter>
    </ClInclude>
    <ClInclude Include="Actions\MoveAction.h">
      <Filter>Action Classes</Filter>
    </ClInclude>
  </ItemGroup>
  <ItemGroup>
    <None Include="ClassDiagram.cd" />
  </ItemGroup>
</Project>